github.com/google/uuid v1.3.0 h1:t6JiXgmwXMjEs8VusXIJk2BXHsn+wx8BZdTaoZ5fu7I=
github.com/google/uuid v1.3.0/go.mod h1:TIyPZe4MgqvfeYDBFedMoGGpEw/LqOeaOT+nhxU+yHo=
golang.org/x/exp v0.0.0-20220915105810-2d61f44442a3 h1:RH7svKeovtQ5gnefD4fLF5HrsoIpXiZk7VX6XNzurBQ=
golang.org/x/exp v0.0.0-20220915105810-2d61f44442a3/go.mod h1:cyybsKvd6eL0RnXn6p/Grxp8F5bW7iYuBgsNCOHpMYE=
